// !$*UTF8*$!
{
	archiveVersion = 1;
	classes = {
	};
	objectVersion = 50;
	objects = {

/* Begin PBXBuildFile section */
		3F0032F627AC406B00BB09D7 /* SpotifyTopChartsApp.swift in Sources */ = {isa = PBXBuildFile; fileRef = 3F0032F527AC406B00BB09D7 /* SpotifyTopChartsApp.swift */; };
		3F0032F827AC406B00BB09D7 /* ContentView.swift in Sources */ = {isa = PBXBuildFile; fileRef = 3F0032F727AC406B00BB09D7 /* ContentView.swift */; };
		3F0032FA27AC407200BB09D7 /* Assets.xcassets in Resources */ = {isa = PBXBuildFile; fileRef = 3F0032F927AC407200BB09D7 /* Assets.xcassets */; };
		3F0032FD27AC407200BB09D7 /* Preview Assets.xcassets in Resources */ = {isa = PBXBuildFile; fileRef = 3F0032FC27AC407200BB09D7 /* Preview Assets.xcassets */; };
		3F00330827AC407200BB09D7 /* SpotifyTopChartsTests.swift in Sources */ = {isa = PBXBuildFile; fileRef = 3F00330727AC407200BB09D7 /* SpotifyTopChartsTests.swift */; };
		3F00331327AC407200BB09D7 /* SpotifyTopChartsUITests.swift in Sources */ = {isa = PBXBuildFile; fileRef = 3F00331227AC407200BB09D7 /* SpotifyTopChartsUITests.swift */; };
		3FDB860D27AC597900A95D9B /* SwiftyJSON.swift in Sources */ = {isa = PBXBuildFile; fileRef = 3FDB860C27AC597800A95D9B /* SwiftyJSON.swift */; };
/* End PBXBuildFile section */

/* Begin PBXContainerItemProxy section */
		3F00330427AC407200BB09D7 /* PBXContainerItemProxy */ = {
			isa = PBXContainerItemProxy;
			containerPortal = 3F0032EA27AC406A00BB09D7 /* Project object */;
			proxyType = 1;
			remoteGlobalIDString = 3F0032F127AC406B00BB09D7;
			remoteInfo = SpotifyTopCharts;
		};
		3F00330F27AC407200BB09D7 /* PBXContainerItemProxy */ = {
			isa = PBXContainerItemProxy;
			containerPortal = 3F0032EA27AC406A00BB09D7 /* Project object */;
			proxyType = 1;
			remoteGlobalIDString = 3F0032F127AC406B00BB09D7;
			remoteInfo = SpotifyTopCharts;
		};
/* End PBXContainerItemProxy section */

/* Begin PBXFileReference section */
		3F0032F227AC406B00BB09D7 /* SpotifyTopCharts.app */ = {isa = PBXFileReference; explicitFileType = wrapper.application; includeInIndex = 0; path = SpotifyTopCharts.app; sourceTree = BUILT_PRODUCTS_DIR; };
		3F0032F527AC406B00BB09D7 /* SpotifyTopChartsApp.swift */ = {isa = PBXFileReference; lastKnownFileType = sourcecode.swift; path = SpotifyTopChartsApp.swift; sourceTree = "<group>"; };
		3F0032F727AC406B00BB09D7 /* ContentView.swift */ = {isa = PBXFileReference; lastKnownFileType = sourcecode.swift; path = ContentView.swift; sourceTree = "<group>"; };
		3F0032F927AC407200BB09D7 /* Assets.xcassets */ = {isa = PBXFileReference; lastKnownFileType = folder.assetcatalog; path = Assets.xcassets; sourceTree = "<group>"; };
		3F0032FC27AC407200BB09D7 /* Preview Assets.xcassets */ = {isa = PBXFileReference; lastKnownFileType = folder.assetcatalog; path = "Preview Assets.xcassets"; sourceTree = "<group>"; };
		3F0032FE27AC407200BB09D7 /* Info.plist */ = {isa = PBXFileReference; lastKnownFileType = text.plist.xml; path = Info.plist; sourceTree = "<group>"; };
		3F00330327AC407200BB09D7 /* SpotifyTopChartsTests.xctest */ = {isa = PBXFileReference; explicitFileType = wrapper.cfbundle; includeInIndex = 0; path = SpotifyTopChartsTests.xctest; sourceTree = BUILT_PRODUCTS_DIR; };
		3F00330727AC407200BB09D7 /* SpotifyTopChartsTests.swift */ = {isa = PBXFileReference; lastKnownFileType = sourcecode.swift; path = SpotifyTopChartsTests.swift; sourceTree = "<group>"; };
		3F00330927AC407200BB09D7 /* Info.plist */ = {isa = PBXFileReference; lastKnownFileType = text.plist.xml; path = Info.plist; sourceTree = "<group>"; };
		3F00330E27AC407200BB09D7 /* SpotifyTopChartsUITests.xctest */ = {isa = PBXFileReference; explicitFileType = wrapper.cfbundle; includeInIndex = 0; path = SpotifyTopChartsUITests.xctest; sourceTree = BUILT_PRODUCTS_DIR; };
		3F00331227AC407200BB09D7 /* SpotifyTopChartsUITests.swift */ = {isa = PBXFileReference; lastKnownFileType = sourcecode.swift; path = SpotifyTopChartsUITests.swift; sourceTree = "<group>"; };
		3F00331427AC407200BB09D7 /* Info.plist */ = {isa = PBXFileReference; lastKnownFileType = text.plist.xml; path = Info.plist; sourceTree = "<group>"; };
		3FDB860C27AC597800A95D9B /* SwiftyJSON.swift */ = {isa = PBXFileReference; fileEncoding = 4; lastKnownFileType = sourcecode.swift; path = SwiftyJSON.swift; sourceTree = "<group>"; };
/* End PBXFileReference section */

/* Begin PBXFrameworksBuildPhase section */
		3F0032EF27AC406B00BB09D7 /* Frameworks */ = {
			isa = PBXFrameworksBuildPhase;
			buildActionMask = 2147483647;
			files = (
			);
			runOnlyForDeploymentPostprocessing = 0;
		};
		3F00330027AC407200BB09D7 /* Frameworks */ = {
			isa = PBXFrameworksBuildPhase;
			buildActionMask = 2147483647;
			files = (
			);
			runOnlyForDeploymentPostprocessing = 0;
		};
		3F00330B27AC407200BB09D7 /* Frameworks */ = {
			isa = PBXFrameworksBuildPhase;
			buildActionMask = 2147483647;
			files = (
			);
			runOnlyForDeploymentPostprocessing = 0;
		};
/* End PBXFrameworksBuildPhase section */

/* Begin PBXGroup section */
		3F0032E927AC406A00BB09D7 = {
			isa = PBXGroup;
			children = (
				3F0032F427AC406B00BB09D7 /* SpotifyTopCharts */,
				3F00330627AC407200BB09D7 /* SpotifyTopChartsTests */,
				3F00331127AC407200BB09D7 /* SpotifyTopChartsUITests */,
				3F0032F327AC406B00BB09D7 /* Products */,
			);
			sourceTree = "<group>";
		};
		3F0032F327AC406B00BB09D7 /* Products */ = {
			isa = PBXGroup;
			children = (
				3F0032F227AC406B00BB09D7 /* SpotifyTopCharts.app */,
				3F00330327AC407200BB09D7 /* SpotifyTopChartsTests.xctest */,
				3F00330E27AC407200BB09D7 /* SpotifyTopChartsUITests.xctest */,
			);
			name = Products;
			sourceTree = "<group>";
		};
		3F0032F427AC406B00BB09D7 /* SpotifyTopCharts */ = {
			isa = PBXGroup;
			children = (
				3F0032F527AC406B00BB09D7 /* SpotifyTopChartsApp.swift */,
				3F0032F727AC406B00BB09D7 /* ContentView.swift */,
				3FDB860C27AC597800A95D9B /* SwiftyJSON.swift */,
				3F0032F927AC407200BB09D7 /* Assets.xcassets */,
				3F0032FE27AC407200BB09D7 /* Info.plist */,
				3F0032FB27AC407200BB09D7 /* Preview Content */,
			);
			path = SpotifyTopCharts;
			sourceTree = "<group>";
		};
		3F0032FB27AC407200BB09D7 /* Preview Content */ = {
			isa = PBXGroup;
			children = (
				3F0032FC27AC407200BB09D7 /* Preview Assets.xcassets */,
			);
			path = "Preview Content";
			sourceTree = "<group>";
		};
		3F00330627AC407200BB09D7 /* SpotifyTopChartsTests */ = {
			isa = PBXGroup;
			children = (
				3F00330727AC407200BB09D7 /* SpotifyTopChartsTests.swift */,
				3F00330927AC407200BB09D7 /* Info.plist */,
			);
			path = SpotifyTopChartsTests;
			sourceTree = "<group>";
		};
		3F00331127AC407200BB09D7 /* SpotifyTopChartsUITests */ = {
			isa = PBXGroup;
			children = (
				3F00331227AC407200BB09D7 /* SpotifyTopChartsUITests.swift */,
				3F00331427AC407200BB09D7 /* Info.plist */,
			);
			path = SpotifyTopChartsUITests;
			sourceTree = "<group>";
		};
/* End PBXGroup section */

/* Begin PBXNativeTarget section */
		3F0032F127AC406B00BB09D7 /* SpotifyTopCharts */ = {
			isa = PBXNativeTarget;
			buildConfigurationList = 3F00331727AC407200BB09D7 /* Build configuration list for PBXNativeTarget "SpotifyTopCharts" */;
			buildPhases = (
				3F0032EE27AC406B00BB09D7 /* Sources */,
				3F0032EF27AC406B00BB09D7 /* Frameworks */,
				3F0032F027AC406B00BB09D7 /* Resources */,
			);
			buildRules = (
			);
			dependencies = (
			);
			name = SpotifyTopCharts;
			productName = SpotifyTopCharts;
			productReference = 3F0032F227AC406B00BB09D7 /* SpotifyTopCharts.app */;
			productType = "com.apple.product-type.application";
		};
		3F00330227AC407200BB09D7 /* SpotifyTopChartsTests */ = {
			isa = PBXNativeTarget;
			buildConfigurationList = 3F00331A27AC407200BB09D7 /* Build configuration list for PBXNativeTarget "SpotifyTopChartsTests" */;
			buildPhases = (
				3F0032FF27AC407200BB09D7 /* Sources */,
				3F00330027AC407200BB09D7 /* Frameworks */,
				3F00330127AC407200BB09D7 /* Resources */,
			);
			buildRules = (
			);
			dependencies = (
				3F00330527AC407200BB09D7 /* PBXTargetDependency */,
			);
			name = SpotifyTopChartsTests;
			productName = SpotifyTopChartsTests;
			productReference = 3F00330327AC407200BB09D7 /* SpotifyTopChartsTests.xctest */;
			productType = "com.apple.product-type.bundle.unit-test";
		};
		3F00330D27AC407200BB09D7 /* SpotifyTopChartsUITests */ = {
			isa = PBXNativeTarget;
			buildConfigurationList = 3F00331D27AC407200BB09D7 /* Build configuration list for PBXNativeTarget "SpotifyTopChartsUITests" */;
			buildPhases = (
				3F00330A27AC407200BB09D7 /* Sources */,
				3F00330B27AC407200BB09D7 /* Frameworks */,
				3F00330C27AC407200BB09D7 /* Resources */,
			);
			buildRules = (
			);
			dependencies = (
				3F00331027AC407200BB09D7 /* PBXTargetDependency */,
			);
			name = SpotifyTopChartsUITests;
			productName = SpotifyTopChartsUITests;
			productReference = 3F00330E27AC407200BB09D7 /* SpotifyTopChartsUITests.xctest */;
			productType = "com.apple.product-type.bundle.ui-testing";
		};
/* End PBXNativeTarget section */

/* Begin PBXProject section */
		3F0032EA27AC406A00BB09D7 /* Project object */ = {
			isa = PBXProject;
			attributes = {
				LastSwiftUpdateCheck = 1250;
				LastUpgradeCheck = 1250;
				TargetAttributes = {
					3F0032F127AC406B00BB09D7 = {
						CreatedOnToolsVersion = 12.5.1;
					};
					3F00330227AC407200BB09D7 = {
						CreatedOnToolsVersion = 12.5.1;
						TestTargetID = 3F0032F127AC406B00BB09D7;
					};
					3F00330D27AC407200BB09D7 = {
						CreatedOnToolsVersion = 12.5.1;
						TestTargetID = 3F0032F127AC406B00BB09D7;
					};
				};
			};
			buildConfigurationList = 3F0032ED27AC406A00BB09D7 /* Build configuration list for PBXProject "SpotifyTopCharts" */;
			compatibilityVersion = "Xcode 9.3";
			developmentRegion = en;
			hasScannedForEncodings = 0;
			knownRegions = (
				en,
				Base,
			);
			mainGroup = 3F0032E927AC406A00BB09D7;
			productRefGroup = 3F0032F327AC406B00BB09D7 /* Products */;
			projectDirPath = "";
			projectRoot = "";
			targets = (
				3F0032F127AC406B00BB09D7 /* SpotifyTopCharts */,
				3F00330227AC407200BB09D7 /* SpotifyTopChartsTests */,
				3F00330D27AC407200BB09D7 /* SpotifyTopChartsUITests */,
			);
		};
/* End PBXProject section */

/* Begin PBXResourcesBuildPhase section */
		3F0032F027AC406B00BB09D7 /* Resources */ = {
			isa = PBXResourcesBuildPhase;
			buildActionMask = 2147483647;
			files = (
				3F0032FD27AC407200BB09D7 /* Preview Assets.xcassets in Resources */,
				3F0032FA27AC407200BB09D7 /* Assets.xcassets in Resources */,
			);
			runOnlyForDeploymentPostprocessing = 0;
		};
		3F00330127AC407200BB09D7 /* Resources */ = {
			isa = PBXResourcesBuildPhase;
			buildActionMask = 2147483647;
			files = (
			);
			runOnlyForDeploymentPostprocessing = 0;
		};
		3F00330C27AC407200BB09D7 /* Resources */ = {
			isa = PBXResourcesBuildPhase;
			buildActionMask = 2147483647;
			files = (
			);
			runOnlyForDeploymentPostprocessing = 0;
		};
/* End PBXResourcesBuildPhase section */

/* Begin PBXSourcesBuildPhase section */
		3F0032EE27AC406B00BB09D7 /* Sources */ = {
			isa = PBXSourcesBuildPhase;
			buildActionMask = 2147483647;
			files = (
				3FDB860D27AC597900A95D9B /* SwiftyJSON.swift in Sources */,
				3F0032F827AC406B00BB09D7 /* ContentView.swift in Sources */,
				3F0032F627AC406B00BB09D7 /* SpotifyTopChartsApp.swift in Sources */,
			);
			runOnlyForDeploymentPostprocessing = 0;
		};
		3F0032FF27AC407200BB09D7 /* Sources */ = {
			isa = PBXSourcesBuildPhase;
			buildActionMask = 2147483647;
			files = (
				3F00330827AC407200BB09D7 /* SpotifyTopChartsTests.swift in Sources */,
			);
			runOnlyForDeploymentPostprocessing = 0;
		};
		3F00330A27AC407200BB09D7 /* Sources */ = {
			isa = PBXSourcesBuildPhase;
			buildActionMask = 2147483647;
			files = (
				3F00331327AC407200BB09D7 /* SpotifyTopChartsUITests.swift in Sources */,
			);
			runOnlyForDeploymentPostprocessing = 0;
		};
/* End PBXSourcesBuildPhase section */

/* Begin PBXTargetDependency section */
		3F00330527AC407200BB09D7 /* PBXTargetDependency */ = {
			isa = PBXTargetDependency;
			target = 3F0032F127AC406B00BB09D7 /* SpotifyTopCharts */;
			targetProxy = 3F00330427AC407200BB09D7 /* PBXContainerItemProxy */;
		};
		3F00331027AC407200BB09D7 /* PBXTargetDependency */ = {
			isa = PBXTargetDependency;
			target = 3F0032F127AC406B00BB09D7 /* SpotifyTopCharts */;
			targetProxy = 3F00330F27AC407200BB09D7 /* PBXContainerItemProxy */;
		};
/* End PBXTargetDependency section */

/* Begin XCBuildConfiguration section */
		3F00331527AC407200BB09D7 /* Debug */ = {
			isa = XCBuildConfiguration;
			buildSettings = {
				ALWAYS_SEARCH_USER_PATHS = NO;
				CLANG_ANALYZER_NONNULL = YES;
				CLANG_ANALYZER_NUMBER_OBJECT_CONVERSION = YES_AGGRESSIVE;
				CLANG_CXX_LANGUAGE_STANDARD = "gnu++14";
				CLANG_CXX_LIBRARY = "libc++";
				CLANG_ENABLE_MODULES = YES;
				CLANG_ENABLE_OBJC_ARC = YES;
				CLANG_ENABLE_OBJC_WEAK = YES;
				CLANG_WARN_BLOCK_CAPTURE_AUTORELEASING = YES;
				CLANG_WARN_BOOL_CONVERSION = YES;
				CLANG_WARN_COMMA = YES;
				CLANG_WARN_CONSTANT_CONVERSION = YES;
				CLANG_WARN_DEPRECATED_OBJC_IMPLEMENTATIONS = YES;
				CLANG_WARN_DIRECT_OBJC_ISA_USAGE = YES_ERROR;
				CLANG_WARN_DOCUMENTATION_COMMENTS = YES;
				CLANG_WARN_EMPTY_BODY = YES;
				CLANG_WARN_ENUM_CONVERSION = YES;
				CLANG_WARN_INFINITE_RECURSION = YES;
				CLANG_WARN_INT_CONVERSION = YES;
				CLANG_WARN_NON_LITERAL_NULL_CONVERSION = YES;
				CLANG_WARN_OBJC_IMPLICIT_RETAIN_SELF = YES;
				CLANG_WARN_OBJC_LITERAL_CONVERSION = YES;
				CLANG_WARN_OBJC_ROOT_CLASS = YES_ERROR;
				CLANG_WARN_QUOTED_INCLUDE_IN_FRAMEWORK_HEADER = YES;
				CLANG_WARN_RANGE_LOOP_ANALYSIS = YES;
				CLANG_WARN_STRICT_PROTOTYPES = YES;
				CLANG_WARN_SUSPICIOUS_MOVE = YES;
				CLANG_WARN_UNGUARDED_AVAILABILITY = YES_AGGRESSIVE;
				CLANG_WARN_UNREACHABLE_CODE = YES;
				CLANG_WARN__DUPLICATE_METHOD_MATCH = YES;
				COPY_PHASE_STRIP = NO;
				DEBUG_INFORMATION_FORMAT = dwarf;
				ENABLE_STRICT_OBJC_MSGSEND = YES;
				ENABLE_TESTABILITY = YES;
				GCC_C_LANGUAGE_STANDARD = gnu11;
				GCC_DYNAMIC_NO_PIC = NO;
				GCC_NO_COMMON_BLOCKS = YES;
				GCC_OPTIMIZATION_LEVEL = 0;
				GCC_PREPROCESSOR_DEFINITIONS = (
					"DEBUG=1",
					"$(inherited)",
				);
				GCC_WARN_64_TO_32_BIT_CONVERSION = YES;
				GCC_WARN_ABOUT_RETURN_TYPE = YES_ERROR;
				GCC_WARN_UNDECLARED_SELECTOR = YES;
				GCC_WARN_UNINITIALIZED_AUTOS = YES_AGGRESSIVE;
				GCC_WARN_UNUSED_FUNCTION = YES;
				GCC_WARN_UNUSED_VARIABLE = YES;
				IPHONEOS_DEPLOYMENT_TARGET = 14.5;
				MTL_ENABLE_DEBUG_INFO = INCLUDE_SOURCE;
				MTL_FAST_MATH = YES;
				ONLY_ACTIVE_ARCH = YES;
				SDKROOT = iphoneos;
				SWIFT_ACTIVE_COMPILATION_CONDITIONS = DEBUG;
				SWIFT_OPTIMIZATION_LEVEL = "-Onone";
			};
			name = Debug;
		};
		3F00331627AC407200BB09D7 /* Release */ = {
			isa = XCBuildConfiguration;
			buildSettings = {
				ALWAYS_SEARCH_USER_PATHS = NO;
				CLANG_ANALYZER_NONNULL = YES;
				CLANG_ANALYZER_NUMBER_OBJECT_CONVERSION = YES_AGGRESSIVE;
				CLANG_CXX_LANGUAGE_STANDARD = "gnu++14";
				CLANG_CXX_LIBRARY = "libc++";
				CLANG_ENABLE_MODULES = YES;
				CLANG_ENABLE_OBJC_ARC = YES;
				CLANG_ENABLE_OBJC_WEAK = YES;
				CLANG_WARN_BLOCK_CAPTURE_AUTORELEASING = YES;
				CLANG_WARN_BOOL_CONVERSION = YES;
				CLANG_WARN_COMMA = YES;
				CLANG_WARN_CONSTANT_CONVERSION = YES;
				CLANG_WARN_DEPRECATED_OBJC_IMPLEMENTATIONS = YES;
				CLANG_WARN_DIRECT_OBJC_ISA_USAGE = YES_ERROR;
				CLANG_WARN_DOCUMENTATION_COMMENTS = YES;
				CLANG_WARN_EMPTY_BODY = YES;
				CLANG_WARN_ENUM_CONVERSION = YES;
				CLANG_WARN_INFINITE_RECURSION = YES;
				CLANG_WARN_INT_CONVERSION = YES;
				CLANG_WARN_NON_LITERAL_NULL_CONVERSION = YES;
				CLANG_WARN_OBJC_IMPLICIT_RETAIN_SELF = YES;
				CLANG_WARN_OBJC_LITERAL_CONVERSION = YES;
				CLANG_WARN_OBJC_ROOT_CLASS = YES_ERROR;
				CLANG_WARN_QUOTED_INCLUDE_IN_FRAMEWORK_HEADER = YES;
				CLANG_WARN_RANGE_LOOP_ANALYSIS = YES;
				CLANG_WARN_STRICT_PROTOTYPES = YES;
				CLANG_WARN_SUSPICIOUS_MOVE = YES;
				CLANG_WARN_UNGUARDED_AVAILABILITY = YES_AGGRESSIVE;
				CLANG_WARN_UNREACHABLE_CODE = YES;
				CLANG_WARN__DUPLICATE_METHOD_MATCH = YES;
				COPY_PHASE_STRIP = NO;
				DEBUG_INFORMATION_FORMAT = "dwarf-with-dsym";
				ENABLE_NS_ASSERTIONS = NO;
				ENABLE_STRICT_OBJC_MSGSEND = YES;
				GCC_C_LANGUAGE_STANDARD = gnu11;
				GCC_NO_COMMON_BLOCKS = YES;
				GCC_WARN_64_TO_32_BIT_CONVERSION = YES;
				GCC_WARN_ABOUT_RETURN_TYPE = YES_ERROR;
				GCC_WARN_UNDECLARED_SELECTOR = YES;
				GCC_WARN_UNINITIALIZED_AUTOS = YES_AGGRESSIVE;
				GCC_WARN_UNUSED_FUNCTION = YES;
				GCC_WARN_UNUSED_VARIABLE = YES;
				IPHONEOS_DEPLOYMENT_TARGET = 14.5;
				MTL_ENABLE_DEBUG_INFO = NO;
				MTL_FAST_MATH = YES;
				SDKROOT = iphoneos;
				SWIFT_COMPILATION_MODE = wholemodule;
				SWIFT_OPTIMIZATION_LEVEL = "-O";
				VALIDATE_PRODUCT = YES;
			};
			name = Release;
		};
		3F00331827AC407200BB09D7 /* Debug */ = {
			isa = XCBuildConfiguration;
			buildSettings = {
				ASSETCATALOG_COMPILER_APPICON_NAME = AppIcon;
				ASSETCATALOG_COMPILER_GLOBAL_ACCENT_COLOR_NAME = AccentColor;
				CODE_SIGN_STYLE = Automatic;
				DEVELOPMENT_ASSET_PATHS = "\"SpotifyTopCharts/Preview Content\"";
				DEVELOPMENT_TEAM = FCRQZKVHZ2;
				ENABLE_PREVIEWS = YES;
				INFOPLIST_FILE = SpotifyTopCharts/Info.plist;
				IPHONEOS_DEPLOYMENT_TARGET = 14.0;
				LD_RUNPATH_SEARCH_PATHS = (
					"$(inherited)",
					"@executable_path/Frameworks",
				);
				PRODUCT_BUNDLE_IDENTIFIER = LouisTech.SpotifyTopCharts;
				PRODUCT_NAME = "$(TARGET_NAME)";
				SWIFT_VERSION = 5.0;
				TARGETED_DEVICE_FAMILY = "1,2";
			};
			name = Debug;
		};
		3F00331927AC407200BB09D7 /* Release */ = {
			isa = XCBuildConfiguration;
			buildSettings = {
				ASSETCATALOG_COMPILER_APPICON_NAME = AppIcon;
				ASSETCATALOG_COMPILER_GLOBAL_ACCENT_COLOR_NAME = AccentColor;
				CODE_SIGN_STYLE = Automatic;
				DEVELOPMENT_ASSET_PATHS = "\"SpotifyTopCharts/Preview Content\"";
				DEVELOPMENT_TEAM = FCRQZKVHZ2;
				ENABLE_PREVIEWS = YES;
				INFOPLIST_FILE = SpotifyTopCharts/Info.plist;
				IPHONEOS_DEPLOYMENT_TARGET = 14.0;
				LD_RUNPATH_SEARCH_PATHS = (
					"$(inherited)",
					"@executable_path/Frameworks",
				);
				PRODUCT_BUNDLE_IDENTIFIER = LouisTech.SpotifyTopCharts;
				PRODUCT_NAME = "$(TARGET_NAME)";
				SWIFT_VERSION = 5.0;
				TARGETED_DEVICE_FAMILY = "1,2";
			};
			name = Release;
		};
		3F00331B27AC407200BB09D7 /* Debug */ = {
			isa = XCBuildConfiguration;
			buildSettings = {
				ALWAYS_EMBED_SWIFT_STANDARD_LIBRARIES = YES;
				BUNDLE_LOADER = "$(TEST_HOST)";
				CODE_SIGN_STYLE = Automatic;
				DEVELOPMENT_TEAM = FCRQZKVHZ2;
				INFOPLIST_FILE = SpotifyTopChartsTests/Info.plist;
				IPHONEOS_DEPLOYMENT_TARGET = 14.0;
				LD_RUNPATH_SEARCH_PATHS = (
					"$(inherited)",
					"@executable_path/Frameworks",
					"@loader_path/Frameworks",
				);
				PRODUCT_BUNDLE_IDENTIFIER = LouisTech.SpotifyTopChartsTests;
				PRODUCT_NAME = "$(TARGET_NAME)";
				SWIFT_VERSION = 5.0;
				TARGETED_DEVICE_FAMILY = "1,2";
				TEST_HOST = "$(BUILT_PRODUCTS_DIR)/SpotifyTopCharts.app/SpotifyTopCharts";
			};
			name = Debug;
		};
		3F00331C27AC407200BB09D7 /* Release */ = {
			isa = XCBuildConfiguration;
			buildSettings = {
				ALWAYS_EMBED_SWIFT_STANDARD_LIBRARIES = YES;
				BUNDLE_LOADER = "$(TEST_HOST)";
				CODE_SIGN_STYLE = Automatic;
				DEVELOPMENT_TEAM = FCRQZKVHZ2;
				INFOPLIST_FILE = SpotifyTopChartsTests/Info.plist;
				IPHONEOS_DEPLOYMENT_TARGET = 14.0;
				LD_RUNPATH_SEARCH_PATHS = (
					"$(inherited)",
					"@executable_path/Frameworks",
					"@loader_path/Frameworks",
				);
				PRODUCT_BUNDLE_IDENTIFIER = LouisTech.SpotifyTopChartsTests;
				PRODUCT_NAME = "$(TARGET_NAME)";
				SWIFT_VERSION = 5.0;
				TARGETED_DEVICE_FAMILY = "1,2";
				TEST_HOST = "$(BUILT_PRODUCTS_DIR)/SpotifyTopCharts.app/SpotifyTopCharts";
			};
			name = Release;
		};
		3F00331E27AC407200BB09D7 /* Debug */ = {
			isa = XCBuildConfiguration;
			buildSettings = {
				ALWAYS_EMBED_SWIFT_STANDARD_LIBRARIES = YES;
				CODE_SIGN_STYLE = Automatic;
				DEVELOPMENT_TEAM = FCRQZKVHZ2;
				INFOPLIST_FILE = SpotifyTopChartsUITests/Info.plist;
				LD_RUNPATH_SEARCH_PATHS = (
					"$(inherited)",
					"@executable_path/Frameworks",
					"@loader_path/Frameworks",
				);
				PRODUCT_BUNDLE_IDENTIFIER = LouisTech.SpotifyTopChartsUITests;
				PRODUCT_NAME = "$(TARGET_NAME)";
				SWIFT_VERSION = 5.0;
				TARGETED_DEVICE_FAMILY = "1,2";
				TEST_TARGET_NAME = SpotifyTopCharts;
			};
			name = Debug;
		};
		3F00331F27AC407200BB09D7 /* Release */ = {
			isa = XCBuildConfiguration;
			buildSettings = {
				ALWAYS_EMBED_SWIFT_STANDARD_LIBRARIES = YES;
				CODE_SIGN_STYLE = Automatic;
				DEVELOPMENT_TEAM = FCRQZKVHZ2;
				INFOPLIST_FILE = SpotifyTopChartsUITests/Info.plist;
				LD_RUNPATH_SEARCH_PATHS = (
					"$(inherited)",
					"@executable_path/Frameworks",
					"@loader_path/Frameworks",
				);
				PRODUCT_BUNDLE_IDENTIFIER = LouisTech.SpotifyTopChartsUITests;
				PRODUCT_NAME = "$(TARGET_NAME)";
				SWIFT_VERSION = 5.0;
				TARGETED_DEVICE_FAMILY = "1,2";
				TEST_TARGET_NAME = SpotifyTopCharts;
			};
			name = Release;
		};
/* End XCBuildConfiguration section */

/* Begin XCConfigurationList section */
		3F0032ED27AC406A00BB09D7 /* Build configuration list for PBXProject "SpotifyTopCharts" */ = {
			isa = XCConfigurationList;
			buildConfigurations = (
				3F00331527AC407200BB09D7 /* Debug */,
				3F00331627AC407200BB09D7 /* Release */,
			);
			defaultConfigurationIsVisible = 0;
			defaultConfigurationName = Release;
		};
		3F00331727AC407200BB09D7 /* Build configuration list for PBXNativeTarget "SpotifyTopCharts" */ = {
			isa = XCConfigurationList;
			buildConfigurations = (
				3F00331827AC407200BB09D7 /* Debug */,
				3F00331927AC407200BB09D7 /* Release */,
			);
			defaultConfigurationIsVisible = 0;
			defaultConfigurationName = Release;
		};
		3F00331A27AC407200BB09D7 /* Build configuration list for PBXNativeTarget "SpotifyTopChartsTests" */ = {
			isa = XCConfigurationList;
			buildConfigurations = (
				3F00331B27AC407200BB09D7 /* Debug */,
				3F00331C27AC407200BB09D7 /* Release */,
			);
			defaultConfigurationIsVisible = 0;
			defaultConfigurationName = Release;
		};
		3F00331D27AC407200BB09D7 /* Build configuration list for PBXNativeTarget "SpotifyTopChartsUITests" */ = {
			isa = XCConfigurationList;
			buildConfigurations = (
				3F00331E27AC407200BB09D7 /* Debug */,
				3F00331F27AC407200BB09D7 /* Release */,
			);
			defaultConfigurationIsVisible = 0;
			defaultConfigurationName = Release;
		};
/* End XCConfigurationList section */
	};
	rootObject = 3F0032EA27AC406A00BB09D7 /* Project object */;
}
